// !$*UTF8*$!
{
	archiveVersion = 1;
	classes = {
	};
	objectVersion = 50;
	objects = {

/* Begin PBXBuildFile section */
		14D664E6237C94790053E115 /* AppDelegate.swift in Sources */ = {isa = PBXBuildFile; fileRef = 14D664E5237C94790053E115 /* AppDelegate.swift */; };
		14D664E8237C94790053E115 /* SceneDelegate.swift in Sources */ = {isa = PBXBuildFile; fileRef = 14D664E7237C94790053E115 /* SceneDelegate.swift */; };
		14D664EA237C94790053E115 /* ViewController.swift in Sources */ = {isa = PBXBuildFile; fileRef = 14D664E9237C94790053E115 /* ViewController.swift */; };
		14D664ED237C94790053E115 /* Main.storyboard in Resources */ = {isa = PBXBuildFile; fileRef = 14D664EB237C94790053E115 /* Main.storyboard */; };
		14D664F0237C94790053E115 /* Maisie_Gifts.xcdatamodeld in Sources */ = {isa = PBXBuildFile; fileRef = 14D664EE237C94790053E115 /* Maisie_Gifts.xcdatamodeld */; };
		14D664F2237C947A0053E115 /* Assets.xcassets in Resources */ = {isa = PBXBuildFile; fileRef = 14D664F1237C947A0053E115 /* Assets.xcassets */; };
		14D664F5237C947A0053E115 /* LaunchScreen.storyboard in Resources */ = {isa = PBXBuildFile; fileRef = 14D664F3237C947A0053E115 /* LaunchScreen.storyboard */; };
/* End PBXBuildFile section */

/* Begin PBXFileReference section */
		14D664E2237C94790053E115 /* Maisie_Gifts.app */ = {isa = PBXFileReference; explicitFileType = wrapper.application; includeInIndex = 0; path = Maisie_Gifts.app; sourceTree = BUILT_PRODUCTS_DIR; };
		14D664E5237C94790053E115 /* AppDelegate.swift */ = {isa = PBXFileReference; lastKnownFileType = sourcecode.swift; path = AppDelegate.swift; sourceTree = "<group>"; };
		14D664E7237C94790053E115 /* SceneDelegate.swift */ = {isa = PBXFileReference; lastKnownFileType = sourcecode.swift; path = SceneDelegate.swift; sourceTree = "<group>"; };
		14D664E9237C94790053E115 /* ViewController.swift */ = {isa = PBXFileReference; lastKnownFileType = sourcecode.swift; path = ViewController.swift; sourceTree = "<group>"; };
		14D664EC237C94790053E115 /* Base */ = {isa = PBXFileReference; lastKnownFileType = file.storyboard; name = Base; path = Base.lproj/Main.storyboard; sourceTree = "<group>"; };
		14D664EF237C94790053E115 /* Maisie_Gifts.xcdatamodel */ = {isa = PBXFileReference; lastKnownFileType = wrapper.xcdatamodel; path = Maisie_Gifts.xcdatamodel; sourceTree = "<group>"; };
		14D664F1237C947A0053E115 /* Assets.xcassets */ = {isa = PBXFileReference; lastKnownFileType = folder.assetcatalog; path = Assets.xcassets; sourceTree = "<group>"; };
		14D664F4237C947A0053E115 /* Base */ = {isa = PBXFileReference; lastKnownFileType = file.storyboard; name = Base; path = Base.lproj/LaunchScreen.storyboard; sourceTree = "<group>"; };
		14D664F6237C947A0053E115 /* Info.plist */ = {isa = PBXFileReference; lastKnownFileType = text.plist.xml; path = Info.plist; sourceTree = "<group>"; };
/* End PBXFileReference section */

/* Begin PBXFrameworksBuildPhase section */
		14D664DF237C94790053E115 /* Frameworks */ = {
			isa = PBXFrameworksBuildPhase;
			buildActionMask = 2147483647;
			files = (
			);
			runOnlyForDeploymentPostprocessing = 0;
		};
/* End PBXFrameworksBuildPhase section */

/* Begin PBXGroup section */
		14D664D9237C94790053E115 = {
			isa = PBXGroup;
			children = (
				14D664E4237C94790053E115 /* Maisie_Gifts */,
				14D664E3237C94790053E115 /* Products */,
			);
			sourceTree = "<group>";
		};
		14D664E3237C94790053E115 /* Products */ = {
			isa = PBXGroup;
			children = (
				14D664E2237C94790053E115 /* Maisie_Gifts.app */,
			);
			name = Products;
			sourceTree = "<group>";
		};
		14D664E4237C94790053E115 /* Maisie_Gifts */ = {
			isa = PBXGroup;
			children = (
				14D664E5237C94790053E115 /* AppDelegate.swift */,
				14D664E7237C94790053E115 /* SceneDelegate.swift */,
				14D664E9237C94790053E115 /* ViewController.swift */,
				14D664EB237C94790053E115 /* Main.storyboard */,
				14D664F1237C947A0053E115 /* Assets.xcassets */,
				14D664F3237C947A0053E115 /* LaunchScreen.storyboard */,
				14D664F6237C947A0053E115 /* Info.plist */,
				14D664EE237C94790053E115 /* Maisie_Gifts.xcdatamodeld */,
			);
			path = Maisie_Gifts;
			sourceTree = "<group>";
		};
/* End PBXGroup section */

/* Begin PBXNativeTarget section */
		14D664E1237C94790053E115 /* Maisie_Gifts */ = {
			isa = PBXNativeTarget;
			buildConfigurationList = 14D664F9237C947A0053E115 /* Build configuration list for PBXNativeTarget "Maisie_Gifts" */;
			buildPhases = (
				14D664DE237C94790053E115 /* Sources */,
				14D664DF237C94790053E115 /* Frameworks */,
				14D664E0237C94790053E115 /* Resources */,
			);
			buildRules = (
			);
			dependencies = (
			);
			name = Maisie_Gifts;
			productName = Maisie_Gifts;
			productReference = 14D664E2237C94790053E115 /* Maisie_Gifts.app */;
			productType = "com.apple.product-type.application";
		};
/* End PBXNativeTarget section */

/* Begin PBXProject section */
		14D664DA237C94790053E115 /* Project object */ = {
			isa = PBXProject;
			attributes = {
				LastSwiftUpdateCheck = 1110;
				LastUpgradeCheck = 1110;
				ORGANIZATIONNAME = "Michael Linker";
				TargetAttributes = {
					14D664E1237C94790053E115 = {
						CreatedOnToolsVersion = 11.1;
					};
				};
			};
			buildConfigurationList = 14D664DD237C94790053E115 /* Build configuration list for PBXProject "Maisie_Gifts" */;
			compatibilityVersion = "Xcode 9.3";
			developmentRegion = en;
			hasScannedForEncodings = 0;
			knownRegions = (
				en,
				Base,
			);
			mainGroup = 14D664D9237C94790053E115;
			productRefGroup = 14D664E3237C94790053E115 /* Products */;
			projectDirPath = "";
			projectRoot = "";
			targets = (
				14D664E1237C94790053E115 /* Maisie_Gifts */,
			);
		};
/* End PBXProject section */

/* Begin PBXResourcesBuildPhase section */
		14D664E0237C94790053E115 /* Resources */ = {
			isa = PBXResourcesBuildPhase;
			buildActionMask = 2147483647;
			files = (
				14D664F5237C947A0053E115 /* LaunchScreen.storyboard in Resources */,
				14D664F2237C947A0053E115 /* Assets.xcassets in Resources */,
				14D664ED237C94790053E115 /* Main.storyboard in Resources */,
			);
			runOnlyForDeploymentPostprocessing = 0;
		};
/* End PBXResourcesBuildPhase section */

/* Begin PBXSourcesBuildPhase section */
		14D664DE237C94790053E115 /* Sources */ = {
			isa = PBXSourcesBuildPhase;
			buildActionMask = 2147483647;
			files = (
				14D664EA237C94790053E115 /* ViewController.swift in Sources */,
				14D664F0237C94790053E115 /* Maisie_Gifts.xcdatamodeld in Sources */,
				14D664E6237C94790053E115 /* AppDelegate.swift in Sources */,
				14D664E8237C94790053E115 /* SceneDelegate.swift in Sources */,
			);
			runOnlyForDeploymentPostprocessing = 0;
		};
/* End PBXSourcesBuildPhase section */

/* Begin PBXVariantGroup section */
		14D664EB237C94790053E115 /* Main.storyboard */ = {
			isa = PBXVariantGroup;
			children = (
				14D664EC237C94790053E115 /* Base */,
			);
			name = Main.storyboard;
			sourceTree = "<group>";
		};
		14D664F3237C947A0053E115 /* LaunchScreen.storyboard */ = {
			isa = PBXVariantGroup;
			children = (
				14D664F4237C947A0053E115 /* Base */,
			);
			name = LaunchScreen.storyboard;
			sourceTree = "<group>";
		};
/* End PBXVariantGroup section */

/* Begin XCBuildConfiguration section */
		14D664F7237C947A0053E115 /* Debug */ = {
			isa = XCBuildConfiguration;
			buildSettings = {
				ALWAYS_SEARCH_USER_PATHS = NO;
				CLANG_ANALYZER_NONNULL = YES;
				CLANG_ANALYZER_NUMBER_OBJECT_CONVERSION = YES_AGGRESSIVE;
				CLANG_CXX_LANGUAGE_STANDARD = "gnu++14";
				CLANG_CXX_LIBRARY = "libc++";
				CLANG_ENABLE_MODULES = YES;
				CLANG_ENABLE_OBJC_ARC = YES;
				CLANG_ENABLE_OBJC_WEAK = YES;
				CLANG_WARN_BLOCK_CAPTURE_AUTORELEASING = YES;
				CLANG_WARN_BOOL_CONVERSION = YES;
				CLANG_WARN_COMMA = YES;
				CLANG_WARN_CONSTANT_CONVERSION = YES;
				CLANG_WARN_DEPRECATED_OBJC_IMPLEMENTATIONS = YES;
				CLANG_WARN_DIRECT_OBJC_ISA_USAGE = YES_ERROR;
				CLANG_WARN_DOCUMENTATION_COMMENTS = YES;
				CLANG_WARN_EMPTY_BODY = YES;
				CLANG_WARN_ENUM_CONVERSION = YES;
				CLANG_WARN_INFINITE_RECURSION = YES;
				CLANG_WARN_INT_CONVERSION = YES;
				CLANG_WARN_NON_LITERAL_NULL_CONVERSION = YES;
				CLANG_WARN_OBJC_IMPLICIT_RETAIN_SELF = YES;
				CLANG_WARN_OBJC_LITERAL_CONVERSION = YES;
				CLANG_WARN_OBJC_ROOT_CLASS = YES_ERROR;
				CLANG_WARN_RANGE_LOOP_ANALYSIS = YES;
				CLANG_WARN_STRICT_PROTOTYPES = YES;
				CLANG_WARN_SUSPICIOUS_MOVE = YES;
				CLANG_WARN_UNGUARDED_AVAILABILITY = YES_AGGRESSIVE;
				CLANG_WARN_UNREACHABLE_CODE = YES;
				CLANG_WARN__DUPLICATE_METHOD_MATCH = YES;
				COPY_PHASE_STRIP = NO;
				DEBUG_INFORMATION_FORMAT = dwarf;
				ENABLE_STRICT_OBJC_MSGSEND = YES;
				ENABLE_TESTABILITY = YES;
				GCC_C_LANGUAGE_STANDARD = gnu11;
				GCC_DYNAMIC_NO_PIC = NO;
				GCC_NO_COMMON_BLOCKS = YES;
				GCC_OPTIMIZATION_LEVEL = 0;
				GCC_PREPROCESSOR_DEFINITIONS = (
					"DEBUG=1",
					"$(inherited)",
				);
				GCC_WARN_64_TO_32_BIT_CONVERSION = YES;
				GCC_WARN_ABOUT_RETURN_TYPE = YES_ERROR;
				GCC_WARN_UNDECLARED_SELECTOR = YES;
				GCC_WARN_UNINITIALIZED_AUTOS = YES_AGGRESSIVE;
				GCC_WARN_UNUSED_FUNCTION = YES;
				GCC_WARN_UNUSED_VARIABLE = YES;
				IPHONEOS_DEPLOYMENT_TARGET = 13.1;
				MTL_ENABLE_DEBUG_INFO = INCLUDE_SOURCE;
				MTL_FAST_MATH = YES;
				ONLY_ACTIVE_ARCH = YES;
				SDKROOT = iphoneos;
				SWIFT_ACTIVE_COMPILATION_CONDITIONS = DEBUG;
				SWIFT_OPTIMIZATION_LEVEL = "-Onone";
			};
			name = Debug;
		};
		14D664F8237C947A0053E115 /* Release */ = {
			isa = XCBuildConfiguration;
			buildSettings = {
				ALWAYS_SEARCH_USER_PATHS = NO;
				CLANG_ANALYZER_NONNULL = YES;
				CLANG_ANALYZER_NUMBER_OBJECT_CONVERSION = YES_AGGRESSIVE;
				CLANG_CXX_LANGUAGE_STANDARD = "gnu++14";
				CLANG_CXX_LIBRARY = "libc++";
				CLANG_ENABLE_MODULES = YES;
				CLANG_ENABLE_OBJC_ARC = YES;
				CLANG_ENABLE_OBJC_WEAK = YES;
				CLANG_WARN_BLOCK_CAPTURE_AUTORELEASING = YES;
				CLANG_WARN_BOOL_CONVERSION = YES;
				CLANG_WARN_COMMA = YES;
				CLANG_WARN_CONSTANT_CONVERSION = YES;
				CLANG_WARN_DEPRECATED_OBJC_IMPLEMENTATIONS = YES;
				CLANG_WARN_DIRECT_OBJC_ISA_USAGE = YES_ERROR;
				CLANG_WARN_DOCUMENTATION_COMMENTS = YES;
				CLANG_WARN_EMPTY_BODY = YES;
				CLANG_WARN_ENUM_CONVERSION = YES;
				CLANG_WARN_INFINITE_RECURSION = YES;
				CLANG_WARN_INT_CONVERSION = YES;
				CLANG_WARN_NON_LITERAL_NULL_CONVERSION = YES;
				CLANG_WARN_OBJC_IMPLICIT_RETAIN_SELF = YES;
				CLANG_WARN_OBJC_LITERAL_CONVERSION = YES;
				CLANG_WARN_OBJC_ROOT_CLASS = YES_ERROR;
				CLANG_WARN_RANGE_LOOP_ANALYSIS = YES;
				CLANG_WARN_STRICT_PROTOTYPES = YES;
				CLANG_WARN_SUSPICIOUS_MOVE = YES;
				CLANG_WARN_UNGUARDED_AVAILABILITY = YES_AGGRESSIVE;
				CLANG_WARN_UNREACHABLE_CODE = YES;
				CLANG_WARN__DUPLICATE_METHOD_MATCH = YES;
				COPY_PHASE_STRIP = NO;
				DEBUG_INFORMATION_FORMAT = "dwarf-with-dsym";
				ENABLE_NS_ASSERTIONS = NO;
				ENABLE_STRICT_OBJC_MSGSEND = YES;
				GCC_C_LANGUAGE_STANDARD = gnu11;
				GCC_NO_COMMON_BLOCKS = YES;
				GCC_WARN_64_TO_32_BIT_CONVERSION = YES;
				GCC_WARN_ABOUT_RETURN_TYPE = YES_ERROR;
				GCC_WARN_UNDECLARED_SELECTOR = YES;
				GCC_WARN_UNINITIALIZED_AUTOS = YES_AGGRESSIVE;
				GCC_WARN_UNUSED_FUNCTION = YES;
				GCC_WARN_UNUSED_VARIABLE = YES;
				IPHONEOS_DEPLOYMENT_TARGET = 13.1;
				MTL_ENABLE_DEBUG_INFO = NO;
				MTL_FAST_MATH = YES;
				SDKROOT = iphoneos;
				SWIFT_COMPILATION_MODE = wholemodule;
				SWIFT_OPTIMIZATION_LEVEL = "-O";
				VALIDATE_PRODUCT = YES;
			};
			name = Release;
		};
		14D664FA237C947A0053E115 /* Debug */ = {
			isa = XCBuildConfiguration;
			buildSettings = {
				ASSETCATALOG_COMPILER_APPICON_NAME = AppIcon;
				CODE_SIGN_STYLE = Automatic;
				DEVELOPMENT_TEAM = XU5H88JMC2;
				INFOPLIST_FILE = Maisie_Gifts/Info.plist;
				LD_RUNPATH_SEARCH_PATHS = (
					"$(inherited)",
					"@executable_path/Frameworks",
				);
				PRODUCT_BUNDLE_IDENTIFIER = "d214.jhhs.622231.Maisie-Gifts";
				PRODUCT_NAME = "$(TARGET_NAME)";
				SWIFT_VERSION = 5.0;
				TARGETED_DEVICE_FAMILY = "1,2";
			};
			name = Debug;
		};
		14D664FB237C947A0053E115 /* Release */ = {
			isa = XCBuildConfiguration;
			buildSettings = {
				ASSETCATALOG_COMPILER_APPICON_NAME = AppIcon;
				CODE_SIGN_STYLE = Automatic;
				DEVELOPMENT_TEAM = XU5H88JMC2;
				INFOPLIST_FILE = Maisie_Gifts/Info.plist;
				LD_RUNPATH_SEARCH_PATHS = (
					"$(inherited)",
					"@executable_path/Frameworks",
				);
				PRODUCT_BUNDLE_IDENTIFIER = "d214.jhhs.622231.Maisie-Gifts";
				PRODUCT_NAME = "$(TARGET_NAME)";
				SWIFT_VERSION = 5.0;
				TARGETED_DEVICE_FAMILY = "1,2";
			};
			name = Release;
		};
/* End XCBuildConfiguration section */

/* Begin XCConfigurationList section */
		14D664DD237C94790053E115 /* Build configuration list for PBXProject "Maisie_Gifts" */ = {
			isa = XCConfigurationList;
			buildConfigurations = (
				14D664F7237C947A0053E115 /* Debug */,
				14D664F8237C947A0053E115 /* Release */,
			);
			defaultConfigurationIsVisible = 0;
			defaultConfigurationName = Release;
		};
		14D664F9237C947A0053E115 /* Build configuration list for PBXNativeTarget "Maisie_Gifts" */ = {
			isa = XCConfigurationList;
			buildConfigurations = (
				14D664FA237C947A0053E115 /* Debug */,
				14D664FB237C947A0053E115 /* Release */,
			);
			defaultConfigurationIsVisible = 0;
			defaultConfigurationName = Release;
		};
/* End XCConfigurationList section */

/* Begin XCVersionGroup section */
		14D664EE237C94790053E115 /* Maisie_Gifts.xcdatamodeld */ = {
			isa = XCVersionGroup;
			children = (
				14D664EF237C94790053E115 /* Maisie_Gifts.xcdatamodel */,
			);
			currentVersion = 14D664EF237C94790053E115 /* Maisie_Gifts.xcdatamodel */;
			path = Maisie_Gifts.xcdatamodeld;
			sourceTree = "<group>";
			versionGroupType = wrapper.xcdatamodel;
		};
/* End XCVersionGroup section */
	};
	rootObject = 14D664DA237C94790053E115 /* Project object */;
}
